<?xml version="1.0" encoding="utf-8"?>
<Project ToolsVersion="4.0" xmlns="http://schemas.microsoft.com/developer/msbuild/2003">
  <ItemGroup>
    <Filter Include="Source Files">
      <UniqueIdentifier>{4FC737F1-C7A5-4376-A066-2A32D752A2FF}</UniqueIdentifier>
      <Extensions>cpp;c;cc;cxx;c++;cppm;ixx;def;odl;idl;hpj;bat;asm;asmx</Extensions>
    </Filter>
    <Filter Include="Header Files">
      <UniqueIdentifier>{93995380-89BD-4b04-88EB-625FBE52EBFB}</UniqueIdentifier>
      <Extensions>h;hh;hpp;hxx;h++;hm;inl;inc;ipp;xsd</Extensions>
    </Filter>
    <Filter Include="Resource Files">
      <UniqueIdentifier>{67DA6AB6-F800-4c08-8B7A-83BB121AAD01}</UniqueIdentifier>
      <Extensions>rc;ico;cur;bmp;dlg;rc2;rct;bin;rgs;gif;jpg;jpeg;jpe;resx;tiff;tif;png;wav;mfcribbon-ms</Extensions>
    </Filter>
    <Filter Include="Source Files\Game">
      <UniqueIdentifier>{6d0a3838-7759-41ec-85a0-bd8e27ed00c7}</UniqueIdentifier>
    </Filter>
    <Filter Include="Source Files\Source">
      <UniqueIdentifier>{537a76d2-8c78-411f-9f6b-acd406eef817}</UniqueIdentifier>
    </Filter>
    <Filter Include="Header Files\Game">
      <UniqueIdentifier>{97ff508b-1536-4d89-b581-ded818efd5ef}</UniqueIdentifier>
    </Filter>
    <Filter Include="Header Files\Source">
      <UniqueIdentifier>{774fdd15-7955-4de3-b57e-67e5940f93b8}</UniqueIdentifier>
    </Filter>
    <Filter Include="Source Files\GameObjectTypes">
      <UniqueIdentifier>{7becc90a-cb34-4f37-aba9-5647d968d44c}</UniqueIdentifier>
    </Filter>
    <Filter Include="Header Files\GameObjectTypes">
      <UniqueIdentifier>{7b431edd-3b22-4a65-8805-ceb793027901}</UniqueIdentifier>
    </Filter>
    <Filter Include="Header Files\ArchiveGameObjects">
      <UniqueIdentifier>{69ef1713-c797-492f-922b-b7e693833ad0}</UniqueIdentifier>
    </Filter>
    <Filter Include="Source Files\ArchiveGameObjects">
      <UniqueIdentifier>{35b82232-10ee-4c05-877e-b5fff298847a}</UniqueIdentifier>
    </Filter>
    <Filter Include="Header Files\PlatformerGameObjects">
      <UniqueIdentifier>{40603e1b-0651-4b54-9634-48cfd88133fa}</UniqueIdentifier>
    </Filter>
    <Filter Include="Source Files\PlatformerGameObjects">
      <UniqueIdentifier>{34e1750b-2c59-421a-ad02-f60c1e37230c}</UniqueIdentifier>
    </Filter>
    <Filter Include="Source Files\PlatformerScenes">
      <UniqueIdentifier>{7238ce14-f5e6-461c-b396-493ec3295b11}</UniqueIdentifier>
    </Filter>
    <Filter Include="Source Files\ArchiveScenes">
      <UniqueIdentifier>{1138a605-133c-4032-ac32-d6f7b76a81da}</UniqueIdentifier>
    </Filter>
    <Filter Include="Header Files\ArchiveScenes">
      <UniqueIdentifier>{e706c459-03b2-42bd-a01c-e38b3635dbdd}</UniqueIdentifier>
    </Filter>
    <Filter Include="Header Files\PlatformerScenes">
      <UniqueIdentifier>{95114456-301c-463a-9ed3-42baacb48a5e}</UniqueIdentifier>
    </Filter>
    <Filter Include="Header Files\Editor">
      <UniqueIdentifier>{86854c2b-e9a7-4ced-8a44-7160ec4ee962}</UniqueIdentifier>
    </Filter>
    <Filter Include="Source Files\Editor">
      <UniqueIdentifier>{7473e301-9930-4d6a-986b-79ec411eb813}</UniqueIdentifier>
    </Filter>
  </ItemGroup>
  <ItemGroup>
    <ClCompile Include="ArchiveScene.cpp">
      <Filter>Source Files\ArchiveScenes</Filter>
    </ClCompile>
    <ClCompile Include="TextureRegistry.cpp">
      <Filter>Source Files\Source</Filter>
    </ClCompile>
    <ClCompile Include="SpriteSheetRegistry.cpp">
      <Filter>Source Files\Source</Filter>
    </ClCompile>
    <ClCompile Include="SpriteRegistry.cpp">
      <Filter>Source Files\Source</Filter>
    </ClCompile>
    <ClCompile Include="SimonEngine.cpp">
      <Filter>Source Files\Game</Filter>
    </ClCompile>
    <ClCompile Include="Utilities.cpp">
      <Filter>Source Files\Source</Filter>
    </ClCompile>
    <ClCompile Include="InputManager.cpp">
      <Filter>Source Files\Source</Filter>
    </ClCompile>
    <ClCompile Include="DrawFunctions.cpp">
      <Filter>Source Files\Source</Filter>
    </ClCompile>
    <ClCompile Include="ArchivePlayer.cpp">
      <Filter>Source Files\ArchiveGameObjects</Filter>
    </ClCompile>
    <ClCompile Include="RotatingColorChangingSquare.cpp">
      <Filter>Source Files\ArchiveGameObjects</Filter>
    </ClCompile>
    <ClCompile Include="RotatingColorChangingTriangle.cpp">
      <Filter>Source Files\ArchiveGameObjects</Filter>
    </ClCompile>
    <ClCompile Include="AnimatedSprite.cpp">
      <Filter>Source Files\ArchiveGameObjects</Filter>
    </ClCompile>
    <ClCompile Include="TemplateScene.cpp">
      <Filter>Source Files\ArchiveScenes</Filter>
    </ClCompile>
    <ClCompile Include="GameObject2D.cpp">
      <Filter>Source Files\GameObjectTypes</Filter>
    </ClCompile>
    <ClCompile Include="CollisionObject2D.cpp">
      <Filter>Source Files\GameObjectTypes</Filter>
    </ClCompile>
    <ClCompile Include="CollisionManager.cpp">
      <Filter>Source Files\Source</Filter>
    </ClCompile>
    <ClCompile Include="PlatformerPlayer.cpp">
      <Filter>Source Files\PlatformerGameObjects</Filter>
    </ClCompile>
    <ClCompile Include="PlatformerScene.cpp">
      <Filter>Source Files\PlatformerScenes</Filter>
    </ClCompile>
    <ClCompile Include="StaticSprite.cpp">
      <Filter>Source Files\PlatformerGameObjects</Filter>
    </ClCompile>
    <ClCompile Include="SpriteGameObject.cpp">
      <Filter>Source Files\PlatformerGameObjects</Filter>
    </ClCompile>
    <ClCompile Include="Axis.cpp">
      <Filter>Source Files\PlatformerGameObjects</Filter>
    </ClCompile>
    <ClCompile Include="SpriteObstacle.cpp">
      <Filter>Source Files\PlatformerGameObjects</Filter>
    </ClCompile>
    <ClCompile Include="PlayerGroundChecker.cpp">
      <Filter>Source Files\PlatformerGameObjects</Filter>
    </ClCompile>
    <ClCompile Include="TitleScreenScene.cpp">
      <Filter>Source Files\PlatformerScenes</Filter>
    </ClCompile>
    <ClCompile Include="GameWonScreenScene.cpp">
      <Filter>Source Files\PlatformerScenes</Filter>
    </ClCompile>
    <ClCompile Include="GameOverScreenScene.cpp">
      <Filter>Source Files\PlatformerScenes</Filter>
    </ClCompile>
    <ClCompile Include="CameraAndUI.cpp">
      <Filter>Source Files\PlatformerGameObjects</Filter>
    </ClCompile>
    <ClCompile Include="Coin.cpp">
      <Filter>Source Files\PlatformerGameObjects</Filter>
    </ClCompile>
    <ClCompile Include="CoinDisplay.cpp">
      <Filter>Source Files\PlatformerGameObjects</Filter>
    </ClCompile>
    <ClCompile Include="FinishLine.cpp">
      <Filter>Source Files\PlatformerGameObjects</Filter>
    </ClCompile>
    <ClCompile Include="FinishLinePopUpDisplay.cpp">
      <Filter>Source Files\PlatformerGameObjects</Filter>
    </ClCompile>
    <ClCompile Include="GameOverTimer.cpp">
      <Filter>Source Files\PlatformerGameObjects</Filter>
    </ClCompile>
    <ClCompile Include="PauseDisplay.cpp">
      <Filter>Source Files\PlatformerGameObjects</Filter>
    </ClCompile>
    <ClCompile Include="UITextElement.cpp">
      <Filter>Source Files\GameObjectTypes</Filter>
    </ClCompile>
    <ClCompile Include="TopPanel.cpp">
      <Filter>Source Files\Editor</Filter>
    </ClCompile>
    <ClCompile Include="Inspector.cpp">
      <Filter>Source Files\Editor</Filter>
    </ClCompile>
    <ClCompile Include="Hierarchy.cpp">
      <Filter>Source Files\Editor</Filter>
    </ClCompile>
    <ClCompile Include="Editor.cpp">
      <Filter>Source Files\Editor</Filter>
    </ClCompile>
    <ClCompile Include="ObjectsPanel.cpp">
      <Filter>Source Files\Editor</Filter>
    </ClCompile>
    <ClCompile Include="Game.cpp">
      <Filter>Source Files\Game</Filter>
    </ClCompile>
    <ClCompile Include="VoidButton.cpp">
      <Filter>Source Files\Editor</Filter>
    </ClCompile>
  </ItemGroup>
  <ItemGroup>
    <ClInclude Include="Game.hpp">
      <Filter>Header Files\Game</Filter>
    </ClInclude>
    <ClInclude Include="DrawFunctions.hpp">
      <Filter>Header Files\Source</Filter>
    </ClInclude>
    <ClInclude Include="InputManager.hpp">
      <Filter>Header Files\Source</Filter>
    </ClInclude>
    <ClInclude Include="shader.h">
      <Filter>Header Files\Source</Filter>
    </ClInclude>
    <ClInclude Include="Sprite.hpp">
      <Filter>Header Files\Source</Filter>
    </ClInclude>
    <ClInclude Include="TextureRegistry.hpp">
      <Filter>Header Files\Source</Filter>
    </ClInclude>
    <ClInclude Include="Utilities.hpp">
      <Filter>Header Files\Source</Filter>
    </ClInclude>
    <ClInclude Include="Scene.hpp">
      <Filter>Header Files\Source</Filter>
    </ClInclude>
    <ClInclude Include="SpriteRegistry.hpp">
      <Filter>Header Files\Source</Filter>
    </ClInclude>
    <ClInclude Include="SpriteSheet.hpp">
      <Filter>Header Files\Source</Filter>
    </ClInclude>
    <ClInclude Include="SpriteSheetRegistry.hpp">
      <Filter>Header Files\Source</Filter>
    </ClInclude>
    <ClInclude Include="ArchiveScene.hpp">
      <Filter>Header Files\ArchiveScenes</Filter>
    </ClInclude>
    <ClInclude Include="ArchivePlayer.hpp">
      <Filter>Header Files\ArchiveGameObjects</Filter>
    </ClInclude>
    <ClInclude Include="RotatingColorChangingSquare.hpp">
      <Filter>Header Files\ArchiveGameObjects</Filter>
    </ClInclude>
    <ClInclude Include="RotatingColorChangingTriangle.hpp">
      <Filter>Header Files\ArchiveGameObjects</Filter>
    </ClInclude>
    <ClInclude Include="AnimatedSprite.hpp">
      <Filter>Header Files\ArchiveGameObjects</Filter>
    </ClInclude>
    <ClInclude Include="TemplateScene.hpp">
      <Filter>Header Files\ArchiveScenes</Filter>
    </ClInclude>
    <ClInclude Include="GameObject2D.hpp">
      <Filter>Header Files\GameObjectTypes</Filter>
    </ClInclude>
    <ClInclude Include="CollisionObject2D.hpp">
      <Filter>Header Files\GameObjectTypes</Filter>
    </ClInclude>
    <ClInclude Include="CollisionManager.hpp">
      <Filter>Header Files\Source</Filter>
    </ClInclude>
    <ClInclude Include="PlatformerPlayer.hpp">
      <Filter>Header Files\PlatformerGameObjects</Filter>
    </ClInclude>
    <ClInclude Include="PlatformerScene.hpp">
      <Filter>Header Files\PlatformerScenes</Filter>
    </ClInclude>
    <ClInclude Include="StaticSprite.hpp">
      <Filter>Header Files\PlatformerGameObjects</Filter>
    </ClInclude>
    <ClInclude Include="SpriteGameObject.hpp">
      <Filter>Header Files\PlatformerGameObjects</Filter>
    </ClInclude>
    <ClInclude Include="Axis.hpp">
      <Filter>Header Files\PlatformerGameObjects</Filter>
    </ClInclude>
    <ClInclude Include="SpriteObstacle.hpp">
      <Filter>Header Files\PlatformerGameObjects</Filter>
    </ClInclude>
    <ClInclude Include="ColliderRectangle.hpp">
      <Filter>Header Files\PlatformerGameObjects</Filter>
    </ClInclude>
    <ClInclude Include="PlayerGroundChecker.hpp">
      <Filter>Header Files\PlatformerGameObjects</Filter>
    </ClInclude>
    <ClInclude Include="UITextElement.hpp">
      <Filter>Header Files\GameObjectTypes</Filter>
    </ClInclude>
    <ClInclude Include="TitleScreenScene.hpp">
      <Filter>Header Files\PlatformerScenes</Filter>
    </ClInclude>
    <ClInclude Include="GameWonScreenScene.hpp">
      <Filter>Header Files\PlatformerScenes</Filter>
    </ClInclude>
    <ClInclude Include="GameOverScreenScene.hpp">
      <Filter>Header Files\PlatformerScenes</Filter>
    </ClInclude>
    <ClInclude Include="SoundManager.hpp">
      <Filter>Header Files\Source</Filter>
    </ClInclude>
    <ClInclude Include="PauseDisplay.hpp">
      <Filter>Header Files\PlatformerGameObjects</Filter>
    </ClInclude>
    <ClInclude Include="CameraAndUI.hpp">
      <Filter>Header Files\PlatformerGameObjects</Filter>
    </ClInclude>
    <ClInclude Include="Coin.hpp">
      <Filter>Header Files\PlatformerGameObjects</Filter>
    </ClInclude>
    <ClInclude Include="CoinDisplay.hpp">
      <Filter>Header Files\PlatformerGameObjects</Filter>
    </ClInclude>
    <ClInclude Include="FinishLine.hpp">
      <Filter>Header Files\PlatformerGameObjects</Filter>
    </ClInclude>
    <ClInclude Include="FinishLinePopUpDisplay.hpp">
      <Filter>Header Files\PlatformerGameObjects</Filter>
    </ClInclude>
    <ClInclude Include="GameOverTimer.hpp">
      <Filter>Header Files\PlatformerGameObjects</Filter>
    </ClInclude>
    <ClInclude Include="WindowConstants.hpp">
      <Filter>Header Files\Game</Filter>
    </ClInclude>
    <ClInclude Include="TopPanel.hpp">
      <Filter>Header Files\Editor</Filter>
    </ClInclude>
    <ClInclude Include="ObjectsPanel.hpp">
      <Filter>Header Files\Editor</Filter>
    </ClInclude>
    <ClInclude Include="Inspector.hpp">
      <Filter>Header Files\Editor</Filter>
    </ClInclude>
    <ClInclude Include="Hierarchy.hpp">
      <Filter>Header Files\Editor</Filter>
    </ClInclude>
    <ClInclude Include="Editor.hpp">
      <Filter>Header Files\Editor</Filter>
    </ClInclude>
    <ClInclude Include="VoidButton.hpp">
      <Filter>Header Files\Editor</Filter>
    </ClInclude>
  </ItemGroup>
</Project>