<?xml version="1.0" encoding="utf-8"?>
<Project ToolsVersion="4.0" xmlns="http://schemas.microsoft.com/developer/msbuild/2003">
  <ItemGroup>
    <Filter Include="Source Files">
      <UniqueIdentifier>{4FC737F1-C7A5-4376-A066-2A32D752A2FF}</UniqueIdentifier>
      <Extensions>cpp;c;cc;cxx;c++;cppm;ixx;def;odl;idl;hpj;bat;asm;asmx</Extensions>
    </Filter>
    <Filter Include="Header Files">
      <UniqueIdentifier>{93995380-89BD-4b04-88EB-625FBE52EBFB}</UniqueIdentifier>
      <Extensions>h;hh;hpp;hxx;h++;hm;inl;inc;ipp;xsd</Extensions>
    </Filter>
    <Filter Include="Resource Files">
      <UniqueIdentifier>{67DA6AB6-F800-4c08-8B7A-83BB121AAD01}</UniqueIdentifier>
      <Extensions>rc;ico;cur;bmp;dlg;rc2;rct;bin;rgs;gif;jpg;jpeg;jpe;resx;tiff;tif;png;wav;mfcribbon-ms</Extensions>
    </Filter>
    <Filter Include="Source Files\Game">
      <UniqueIdentifier>{6d0a3838-7759-41ec-85a0-bd8e27ed00c7}</UniqueIdentifier>
    </Filter>
    <Filter Include="Header Files\Game">
      <UniqueIdentifier>{97ff508b-1536-4d89-b581-ded818efd5ef}</UniqueIdentifier>
    </Filter>
    <Filter Include="Source Files\GameObjectTypes">
      <UniqueIdentifier>{7becc90a-cb34-4f37-aba9-5647d968d44c}</UniqueIdentifier>
    </Filter>
    <Filter Include="Header Files\GameObjectTypes">
      <UniqueIdentifier>{7b431edd-3b22-4a65-8805-ceb793027901}</UniqueIdentifier>
    </Filter>
    <Filter Include="Header Files\Editor">
      <UniqueIdentifier>{86854c2b-e9a7-4ced-8a44-7160ec4ee962}</UniqueIdentifier>
    </Filter>
    <Filter Include="Source Files\Editor">
      <UniqueIdentifier>{7473e301-9930-4d6a-986b-79ec411eb813}</UniqueIdentifier>
    </Filter>
    <Filter Include="Header Files\Editor\HierarchyPanel">
      <UniqueIdentifier>{e9d4031f-7c9b-46d3-9bdf-67dd0fc1f901}</UniqueIdentifier>
    </Filter>
    <Filter Include="Header Files\Editor\InspectorPanel">
      <UniqueIdentifier>{868148ac-0e9f-47ea-a53e-e5806c2d961b}</UniqueIdentifier>
    </Filter>
    <Filter Include="Header Files\Editor\TopPanel">
      <UniqueIdentifier>{580c1bcf-90b0-46cb-87d3-cf7439e0d8ae}</UniqueIdentifier>
    </Filter>
    <Filter Include="Source Files\Editor\AssetPanel">
      <UniqueIdentifier>{d0895bbd-31ef-455c-bd13-21a4c6a7973f}</UniqueIdentifier>
    </Filter>
    <Filter Include="Header Files\Editor\AssetPanel">
      <UniqueIdentifier>{bcfdb570-9c21-4e10-b606-1e87a506204b}</UniqueIdentifier>
    </Filter>
    <Filter Include="Source Files\Editor\Hierarchy Panel">
      <UniqueIdentifier>{be84234d-a1b5-4ffb-b370-fc870144f6f5}</UniqueIdentifier>
    </Filter>
    <Filter Include="Source Files\Editor\InspectorPanel">
      <UniqueIdentifier>{860a1625-dc51-4cb6-b817-ab5635945756}</UniqueIdentifier>
    </Filter>
    <Filter Include="Source Files\Editor\TopPanel">
      <UniqueIdentifier>{10fb4b08-3913-48d5-adeb-8cbb646a47cb}</UniqueIdentifier>
    </Filter>
    <Filter Include="Header Files\Editor\ScenePanel">
      <UniqueIdentifier>{5d03d9ca-88dd-41ab-961e-39f7ea32c9af}</UniqueIdentifier>
    </Filter>
    <Filter Include="Source Files\Editor\ScenePanel">
      <UniqueIdentifier>{3e1981ee-87fe-4d13-b2f6-3d9e50e1665d}</UniqueIdentifier>
    </Filter>
    <Filter Include="Header Files\DrawFunctions">
      <UniqueIdentifier>{94c974a5-4f6e-4c8a-83d5-be68c2ad5991}</UniqueIdentifier>
    </Filter>
    <Filter Include="Source Files\DrawFunctions">
      <UniqueIdentifier>{0ba4cc47-df73-4077-9fdb-396d16194494}</UniqueIdentifier>
    </Filter>
    <Filter Include="Header Files\GameObjectTypes\UITypes">
      <UniqueIdentifier>{cb840af1-f492-4ff8-b8e1-b52585206647}</UniqueIdentifier>
    </Filter>
    <Filter Include="Source Files\GameObjectTypes\UITypes">
      <UniqueIdentifier>{52de14cf-834b-4901-8f37-a99837b248aa}</UniqueIdentifier>
    </Filter>
    <Filter Include="Header Files\Registries">
      <UniqueIdentifier>{171ba333-3bb5-4206-a648-aac54a4bbad4}</UniqueIdentifier>
    </Filter>
    <Filter Include="Source Files\Registries">
      <UniqueIdentifier>{f0c5dd05-3d00-4852-a23a-172a47b0aa35}</UniqueIdentifier>
    </Filter>
    <Filter Include="Header Files\Managers">
      <UniqueIdentifier>{ae4223ac-a336-48a6-abc8-aea6398e19aa}</UniqueIdentifier>
    </Filter>
    <Filter Include="Source Files\Managers">
      <UniqueIdentifier>{f09396ae-7149-446c-9d06-9d21672e8dcc}</UniqueIdentifier>
    </Filter>
    <Filter Include="Header Files\AssetTypes">
      <UniqueIdentifier>{9f2b9953-45d4-452d-ba30-827697c644c3}</UniqueIdentifier>
    </Filter>
    <Filter Include="Header Files\Scenes">
      <UniqueIdentifier>{b6fb149e-0049-49be-b6af-ec9d78d96b63}</UniqueIdentifier>
    </Filter>
    <Filter Include="Header Files\Utilities">
      <UniqueIdentifier>{2098a700-27bb-49d3-9b1b-70c64404556f}</UniqueIdentifier>
    </Filter>
    <Filter Include="Source Files\Utilities">
      <UniqueIdentifier>{537a76d2-8c78-411f-9f6b-acd406eef817}</UniqueIdentifier>
    </Filter>
    <Filter Include="Source Files\Scenes">
      <UniqueIdentifier>{cfc2f24e-110c-499e-8ce0-ee54f61aa335}</UniqueIdentifier>
    </Filter>
    <Filter Include="Header Files\Editor\EditorFactories">
      <UniqueIdentifier>{0530015e-f286-4a46-9ae7-eaff45dbd187}</UniqueIdentifier>
    </Filter>
    <Filter Include="Source Files\Editor\EditorFactories">
      <UniqueIdentifier>{367c447b-9ba7-4c99-b46a-3062f84499ee}</UniqueIdentifier>
    </Filter>
    <Filter Include="Source Files\GameObjects">
      <UniqueIdentifier>{34e1750b-2c59-421a-ad02-f60c1e37230c}</UniqueIdentifier>
    </Filter>
    <Filter Include="Header Files\GameObjects">
      <UniqueIdentifier>{40603e1b-0651-4b54-9634-48cfd88133fa}</UniqueIdentifier>
    </Filter>
    <Filter Include="Header Files\Scenes\Interface">
      <UniqueIdentifier>{c97a1f99-ed0c-43c6-8993-bb2cac094e24}</UniqueIdentifier>
    </Filter>
  </ItemGroup>
  <ItemGroup>
    <ClCompile Include="SimonEngine.cpp">
      <Filter>Source Files\Game</Filter>
    </ClCompile>
    <ClCompile Include="Utilities.cpp">
      <Filter>Source Files\Utilities</Filter>
    </ClCompile>
    <ClCompile Include="GameObject2D.cpp">
      <Filter>Source Files\GameObjectTypes</Filter>
    </ClCompile>
    <ClCompile Include="CollisionObject2D.cpp">
      <Filter>Source Files\GameObjectTypes</Filter>
    </ClCompile>
    <ClCompile Include="NonColliderSprite.cpp">
      <Filter>Source Files\GameObjects</Filter>
    </ClCompile>
    <ClCompile Include="Axis.cpp">
      <Filter>Source Files\GameObjects</Filter>
    </ClCompile>
    <ClCompile Include="Camera.cpp">
      <Filter>Source Files\GameObjects</Filter>
    </ClCompile>
    <ClCompile Include="Editor.cpp">
      <Filter>Source Files\Editor</Filter>
    </ClCompile>
    <ClCompile Include="Game.cpp">
      <Filter>Source Files\Game</Filter>
    </ClCompile>
    <ClCompile Include="AssetButton.cpp">
      <Filter>Source Files\Editor\AssetPanel</Filter>
    </ClCompile>
    <ClCompile Include="AssetPanel.cpp">
      <Filter>Source Files\Editor\AssetPanel</Filter>
    </ClCompile>
    <ClCompile Include="HierarchyButton.cpp">
      <Filter>Source Files\Editor\Hierarchy Panel</Filter>
    </ClCompile>
    <ClCompile Include="Hierarchy.cpp">
      <Filter>Source Files\Editor\Hierarchy Panel</Filter>
    </ClCompile>
    <ClCompile Include="IFieldButton.cpp">
      <Filter>Source Files\Editor\InspectorPanel</Filter>
    </ClCompile>
    <ClCompile Include="Inspector.cpp">
      <Filter>Source Files\Editor\InspectorPanel</Filter>
    </ClCompile>
    <ClCompile Include="TopPanel.cpp">
      <Filter>Source Files\Editor\TopPanel</Filter>
    </ClCompile>
    <ClCompile Include="VoidButton.cpp">
      <Filter>Source Files\Editor\TopPanel</Filter>
    </ClCompile>
    <ClCompile Include="ScenePanel.cpp">
      <Filter>Source Files\Editor\ScenePanel</Filter>
    </ClCompile>
    <ClCompile Include="SceneButton.cpp">
      <Filter>Source Files\Editor\ScenePanel</Filter>
    </ClCompile>
    <ClCompile Include="EditorSaveLoad.cpp">
      <Filter>Source Files\Editor</Filter>
    </ClCompile>
    <ClCompile Include="DrawFunctions.cpp">
      <Filter>Source Files\DrawFunctions</Filter>
    </ClCompile>
    <ClCompile Include="UITextElement.cpp">
      <Filter>Source Files\GameObjectTypes\UITypes</Filter>
    </ClCompile>
    <ClCompile Include="UIRectangleElement.cpp">
      <Filter>Source Files\GameObjectTypes\UITypes</Filter>
    </ClCompile>
    <ClCompile Include="UITextureElement.cpp">
      <Filter>Source Files\GameObjectTypes\UITypes</Filter>
    </ClCompile>
    <ClCompile Include="UISpriteElement.cpp">
      <Filter>Source Files\GameObjectTypes\UITypes</Filter>
    </ClCompile>
    <ClCompile Include="SpriteSheetRegistry.cpp">
      <Filter>Source Files\Registries</Filter>
    </ClCompile>
    <ClCompile Include="TextureRegistry.cpp">
      <Filter>Source Files\Registries</Filter>
    </ClCompile>
    <ClCompile Include="SpriteRegistry.cpp">
      <Filter>Source Files\Registries</Filter>
    </ClCompile>
    <ClCompile Include="CollisionManager.cpp">
      <Filter>Source Files\Managers</Filter>
    </ClCompile>
    <ClCompile Include="InputManager.cpp">
      <Filter>Source Files\Managers</Filter>
    </ClCompile>
    <ClCompile Include="TemplateScene.cpp">
      <Filter>Source Files\Scenes</Filter>
    </ClCompile>
    <ClCompile Include="SceneFactory.cpp">
      <Filter>Source Files\Editor\EditorFactories</Filter>
    </ClCompile>
    <ClCompile Include="AssetFactory.cpp">
      <Filter>Source Files\Editor\EditorFactories</Filter>
    </ClCompile>
    <ClCompile Include="GameScene.cpp">
      <Filter>Source Files\Scenes</Filter>
    </ClCompile>
    <ClCompile Include="Player.hpp">
      <Filter>Header Files\GameObjects</Filter>
    </ClCompile>
    <ClCompile Include="Player.cpp">
      <Filter>Source Files\GameObjects</Filter>
    </ClCompile>
    <ClCompile Include="ColliderSprite.cpp">
      <Filter>Source Files\GameObjects</Filter>
    </ClCompile>
    <ClCompile Include="NonColliderSpriteAnimated.cpp">
      <Filter>Source Files\GameObjects</Filter>
    </ClCompile>
    <ClCompile Include="ColliderSpriteAnimated.cpp">
      <Filter>Source Files\GameObjects</Filter>
    </ClCompile>
    <ClCompile Include="Moneser.cpp">
      <Filter>Source Files\GameObjects</Filter>
    </ClCompile>
  </ItemGroup>
  <ItemGroup>
    <ClInclude Include="Game.hpp">
      <Filter>Header Files\Game</Filter>
    </ClInclude>
    <ClInclude Include="GameObject2D.hpp">
      <Filter>Header Files\GameObjectTypes</Filter>
    </ClInclude>
    <ClInclude Include="CollisionObject2D.hpp">
      <Filter>Header Files\GameObjectTypes</Filter>
    </ClInclude>
    <ClInclude Include="NonColliderSprite.hpp">
      <Filter>Header Files\GameObjects</Filter>
    </ClInclude>
    <ClInclude Include="Axis.hpp">
      <Filter>Header Files\GameObjects</Filter>
    </ClInclude>
    <ClInclude Include="Camera.hpp">
      <Filter>Header Files\GameObjects</Filter>
    </ClInclude>
    <ClInclude Include="WindowConstants.hpp">
      <Filter>Header Files\Game</Filter>
    </ClInclude>
    <ClInclude Include="Editor.hpp">
      <Filter>Header Files\Editor</Filter>
    </ClInclude>
    <ClInclude Include="AssetButton.hpp">
      <Filter>Header Files\Editor\AssetPanel</Filter>
    </ClInclude>
    <ClInclude Include="AssetPanel.hpp">
      <Filter>Header Files\Editor\AssetPanel</Filter>
    </ClInclude>
    <ClInclude Include="Hierarchy.hpp">
      <Filter>Header Files\Editor\HierarchyPanel</Filter>
    </ClInclude>
    <ClInclude Include="HierarchyButton.hpp">
      <Filter>Header Files\Editor\HierarchyPanel</Filter>
    </ClInclude>
    <ClInclude Include="Inspector.hpp">
      <Filter>Header Files\Editor\InspectorPanel</Filter>
    </ClInclude>
    <ClInclude Include="IField.hpp">
      <Filter>Header Files\Editor\InspectorPanel</Filter>
    </ClInclude>
    <ClInclude Include="TopPanel.hpp">
      <Filter>Header Files\Editor\TopPanel</Filter>
    </ClInclude>
    <ClInclude Include="VoidButton.hpp">
      <Filter>Header Files\Editor\TopPanel</Filter>
    </ClInclude>
    <ClInclude Include="IFieldButton.hpp">
      <Filter>Header Files\Editor\InspectorPanel</Filter>
    </ClInclude>
    <ClInclude Include="ScenePanel.hpp">
      <Filter>Header Files\Editor\ScenePanel</Filter>
    </ClInclude>
    <ClInclude Include="SceneButton.hpp">
      <Filter>Header Files\Editor\ScenePanel</Filter>
    </ClInclude>
    <ClInclude Include="DrawFunctions.hpp">
      <Filter>Header Files\DrawFunctions</Filter>
    </ClInclude>
    <ClInclude Include="UIElement.hpp">
      <Filter>Header Files\GameObjectTypes\UITypes</Filter>
    </ClInclude>
    <ClInclude Include="UIRectangleElement.hpp">
      <Filter>Header Files\GameObjectTypes\UITypes</Filter>
    </ClInclude>
    <ClInclude Include="UITextElement.hpp">
      <Filter>Header Files\GameObjectTypes\UITypes</Filter>
    </ClInclude>
    <ClInclude Include="UITextureElement.hpp">
      <Filter>Header Files\GameObjectTypes\UITypes</Filter>
    </ClInclude>
    <ClInclude Include="UISpriteElement.hpp">
      <Filter>Header Files\GameObjectTypes\UITypes</Filter>
    </ClInclude>
    <ClInclude Include="SpriteRegistry.hpp">
      <Filter>Header Files\Registries</Filter>
    </ClInclude>
    <ClInclude Include="SpriteSheetRegistry.hpp">
      <Filter>Header Files\Registries</Filter>
    </ClInclude>
    <ClInclude Include="TextureRegistry.hpp">
      <Filter>Header Files\Registries</Filter>
    </ClInclude>
    <ClInclude Include="SoundManager.hpp">
      <Filter>Header Files\Managers</Filter>
    </ClInclude>
    <ClInclude Include="InputManager.hpp">
      <Filter>Header Files\Managers</Filter>
    </ClInclude>
    <ClInclude Include="CollisionManager.hpp">
      <Filter>Header Files\Managers</Filter>
    </ClInclude>
    <ClInclude Include="Sprite.hpp">
      <Filter>Header Files\AssetTypes</Filter>
    </ClInclude>
    <ClInclude Include="SpriteSheet.hpp">
      <Filter>Header Files\AssetTypes</Filter>
    </ClInclude>
    <ClInclude Include="Utilities.hpp">
      <Filter>Header Files\Utilities</Filter>
    </ClInclude>
    <ClInclude Include="TemplateScene.hpp">
      <Filter>Header Files\Scenes</Filter>
    </ClInclude>
    <ClInclude Include="AssetFactory.hpp">
      <Filter>Header Files\Editor\EditorFactories</Filter>
    </ClInclude>
    <ClInclude Include="shader.h">
      <Filter>Resource Files</Filter>
    </ClInclude>
    <ClInclude Include="GameScene.hpp">
      <Filter>Header Files\Scenes</Filter>
    </ClInclude>
    <ClInclude Include="Scene.hpp">
      <Filter>Header Files\Scenes\Interface</Filter>
    </ClInclude>
    <ClInclude Include="ColliderSprite.hpp">
      <Filter>Header Files\GameObjects</Filter>
    </ClInclude>
    <ClInclude Include="NonColliderSpriteAnimated.hpp">
      <Filter>Header Files\GameObjects</Filter>
    </ClInclude>
    <ClInclude Include="ColliderSpriteAnimated.hpp">
      <Filter>Header Files\GameObjects</Filter>
    </ClInclude>
    <ClInclude Include="Moneser.hpp">
      <Filter>Header Files\GameObjects</Filter>
    </ClInclude>
  </ItemGroup>
  <ItemGroup>
    <None Include="EditorSaveLoad.hpp">
      <Filter>Header Files\Editor</Filter>
    </None>
    <None Include="SceneFactory.hpp">
      <Filter>Header Files\Editor\EditorFactories</Filter>
    </None>
  </ItemGroup>
</Project>